// !$*UTF8*$!
{
	archiveVersion = 1;
	classes = {
	};
	objectVersion = 56;
	objects = {

/* Begin PBXBuildFile section */
		B8F8E472290687180034F5E8 /* AppDelegate.swift in Sources */ = {isa = PBXBuildFile; fileRef = B8F8E471290687180034F5E8 /* AppDelegate.swift */; };
		B8F8E474290687180034F5E8 /* GameScene.sks in Resources */ = {isa = PBXBuildFile; fileRef = B8F8E473290687180034F5E8 /* GameScene.sks */; };
		B8F8E478290687180034F5E8 /* GameScene.swift in Sources */ = {isa = PBXBuildFile; fileRef = B8F8E477290687180034F5E8 /* GameScene.swift */; };
		B8F8E47A290687180034F5E8 /* GameViewController.swift in Sources */ = {isa = PBXBuildFile; fileRef = B8F8E479290687180034F5E8 /* GameViewController.swift */; };
		B8F8E47D290687180034F5E8 /* Main.storyboard in Resources */ = {isa = PBXBuildFile; fileRef = B8F8E47B290687180034F5E8 /* Main.storyboard */; };
		B8F8E47F2906871B0034F5E8 /* Assets.xcassets in Resources */ = {isa = PBXBuildFile; fileRef = B8F8E47E2906871B0034F5E8 /* Assets.xcassets */; };
		B8F8E4822906871B0034F5E8 /* LaunchScreen.storyboard in Resources */ = {isa = PBXBuildFile; fileRef = B8F8E4802906871B0034F5E8 /* LaunchScreen.storyboard */; };
		B8F8E4B62907E23C0034F5E8 /* spark.png in Resources */ = {isa = PBXBuildFile; fileRef = B8F8E4A02907E2370034F5E8 /* spark.png */; };
		B8F8E4B72907E23C0034F5E8 /* swoosh1.caf in Resources */ = {isa = PBXBuildFile; fileRef = B8F8E4A12907E2370034F5E8 /* swoosh1.caf */; };
		B8F8E4B82907E23C0034F5E8 /* explosion.caf in Resources */ = {isa = PBXBuildFile; fileRef = B8F8E4A22907E2370034F5E8 /* explosion.caf */; };
		B8F8E4B92907E23C0034F5E8 /* penguin.png in Resources */ = {isa = PBXBuildFile; fileRef = B8F8E4A32907E2370034F5E8 /* penguin.png */; };
		B8F8E4BA2907E23C0034F5E8 /* sliceLifeGone.png in Resources */ = {isa = PBXBuildFile; fileRef = B8F8E4A42907E2380034F5E8 /* sliceLifeGone.png */; };
		B8F8E4BB2907E23C0034F5E8 /* sliceLife.png in Resources */ = {isa = PBXBuildFile; fileRef = B8F8E4A52907E2390034F5E8 /* sliceLife.png */; };
		B8F8E4BC2907E23C0034F5E8 /* wrong.caf in Resources */ = {isa = PBXBuildFile; fileRef = B8F8E4A62907E2390034F5E8 /* wrong.caf */; };
		B8F8E4BD2907E23C0034F5E8 /* sliceBackground.png in Resources */ = {isa = PBXBuildFile; fileRef = B8F8E4A72907E2390034F5E8 /* sliceBackground.png */; };
		B8F8E4BE2907E23C0034F5E8 /* launch.caf in Resources */ = {isa = PBXBuildFile; fileRef = B8F8E4A82907E23A0034F5E8 /* launch.caf */; };
		B8F8E4BF2907E23C0034F5E8 /* sliceLifeGone@2x.png in Resources */ = {isa = PBXBuildFile; fileRef = B8F8E4A92907E23A0034F5E8 /* sliceLifeGone@2x.png */; };
		B8F8E4C02907E23C0034F5E8 /* sliceBombFuse.caf in Resources */ = {isa = PBXBuildFile; fileRef = B8F8E4AA2907E23A0034F5E8 /* sliceBombFuse.caf */; };
		B8F8E4C12907E23C0034F5E8 /* sliceBomb@2x.png in Resources */ = {isa = PBXBuildFile; fileRef = B8F8E4AB2907E23A0034F5E8 /* sliceBomb@2x.png */; };
		B8F8E4C22907E23C0034F5E8 /* whack.caf in Resources */ = {isa = PBXBuildFile; fileRef = B8F8E4AC2907E23A0034F5E8 /* whack.caf */; };
		B8F8E4C32907E23C0034F5E8 /* sliceFuse.sks in Resources */ = {isa = PBXBuildFile; fileRef = B8F8E4AD2907E23A0034F5E8 /* sliceFuse.sks */; };
		B8F8E4C42907E23C0034F5E8 /* sliceHitBomb.sks in Resources */ = {isa = PBXBuildFile; fileRef = B8F8E4AE2907E23B0034F5E8 /* sliceHitBomb.sks */; };
		B8F8E4C52907E23C0034F5E8 /* swoosh2.caf in Resources */ = {isa = PBXBuildFile; fileRef = B8F8E4AF2907E23B0034F5E8 /* swoosh2.caf */; };
		B8F8E4C62907E23C0034F5E8 /* sliceLife@2x.png in Resources */ = {isa = PBXBuildFile; fileRef = B8F8E4B02907E23B0034F5E8 /* sliceLife@2x.png */; };
		B8F8E4C72907E23C0034F5E8 /* swoosh3.caf in Resources */ = {isa = PBXBuildFile; fileRef = B8F8E4B12907E23B0034F5E8 /* swoosh3.caf */; };
		B8F8E4C82907E23C0034F5E8 /* penguin@2x.png in Resources */ = {isa = PBXBuildFile; fileRef = B8F8E4B22907E23B0034F5E8 /* penguin@2x.png */; };
		B8F8E4C92907E23C0034F5E8 /* sliceBackground@2x.png in Resources */ = {isa = PBXBuildFile; fileRef = B8F8E4B32907E23B0034F5E8 /* sliceBackground@2x.png */; };
		B8F8E4CA2907E23C0034F5E8 /* sliceHitEnemy.sks in Resources */ = {isa = PBXBuildFile; fileRef = B8F8E4B42907E23B0034F5E8 /* sliceHitEnemy.sks */; };
		B8F8E4CB2907E23C0034F5E8 /* sliceBomb.png in Resources */ = {isa = PBXBuildFile; fileRef = B8F8E4B52907E23C0034F5E8 /* sliceBomb.png */; };
/* End PBXBuildFile section */

/* Begin PBXFileReference section */
		B8F8E46E290687170034F5E8 /* Project23.app */ = {isa = PBXFileReference; explicitFileType = wrapper.application; includeInIndex = 0; path = Project23.app; sourceTree = BUILT_PRODUCTS_DIR; };
		B8F8E471290687180034F5E8 /* AppDelegate.swift */ = {isa = PBXFileReference; lastKnownFileType = sourcecode.swift; path = AppDelegate.swift; sourceTree = "<group>"; };
		B8F8E473290687180034F5E8 /* GameScene.sks */ = {isa = PBXFileReference; lastKnownFileType = file.sks; path = GameScene.sks; sourceTree = "<group>"; };
		B8F8E477290687180034F5E8 /* GameScene.swift */ = {isa = PBXFileReference; lastKnownFileType = sourcecode.swift; path = GameScene.swift; sourceTree = "<group>"; };
		B8F8E479290687180034F5E8 /* GameViewController.swift */ = {isa = PBXFileReference; lastKnownFileType = sourcecode.swift; path = GameViewController.swift; sourceTree = "<group>"; };
		B8F8E47C290687180034F5E8 /* Base */ = {isa = PBXFileReference; lastKnownFileType = file.storyboard; name = Base; path = Base.lproj/Main.storyboard; sourceTree = "<group>"; };
		B8F8E47E2906871B0034F5E8 /* Assets.xcassets */ = {isa = PBXFileReference; lastKnownFileType = folder.assetcatalog; path = Assets.xcassets; sourceTree = "<group>"; };
		B8F8E4812906871B0034F5E8 /* Base */ = {isa = PBXFileReference; lastKnownFileType = file.storyboard; name = Base; path = Base.lproj/LaunchScreen.storyboard; sourceTree = "<group>"; };
		B8F8E4A02907E2370034F5E8 /* spark.png */ = {isa = PBXFileReference; lastKnownFileType = image.png; path = spark.png; sourceTree = "<group>"; };
		B8F8E4A12907E2370034F5E8 /* swoosh1.caf */ = {isa = PBXFileReference; lastKnownFileType = file; path = swoosh1.caf; sourceTree = "<group>"; };
		B8F8E4A22907E2370034F5E8 /* explosion.caf */ = {isa = PBXFileReference; lastKnownFileType = file; path = explosion.caf; sourceTree = "<group>"; };
		B8F8E4A32907E2370034F5E8 /* penguin.png */ = {isa = PBXFileReference; lastKnownFileType = image.png; path = penguin.png; sourceTree = "<group>"; };
		B8F8E4A42907E2380034F5E8 /* sliceLifeGone.png */ = {isa = PBXFileReference; lastKnownFileType = image.png; path = sliceLifeGone.png; sourceTree = "<group>"; };
		B8F8E4A52907E2390034F5E8 /* sliceLife.png */ = {isa = PBXFileReference; lastKnownFileType = image.png; path = sliceLife.png; sourceTree = "<group>"; };
		B8F8E4A62907E2390034F5E8 /* wrong.caf */ = {isa = PBXFileReference; lastKnownFileType = file; path = wrong.caf; sourceTree = "<group>"; };
		B8F8E4A72907E2390034F5E8 /* sliceBackground.png */ = {isa = PBXFileReference; lastKnownFileType = image.png; path = sliceBackground.png; sourceTree = "<group>"; };
		B8F8E4A82907E23A0034F5E8 /* launch.caf */ = {isa = PBXFileReference; lastKnownFileType = file; path = launch.caf; sourceTree = "<group>"; };
		B8F8E4A92907E23A0034F5E8 /* sliceLifeGone@2x.png */ = {isa = PBXFileReference; lastKnownFileType = image.png; path = "sliceLifeGone@2x.png"; sourceTree = "<group>"; };
		B8F8E4AA2907E23A0034F5E8 /* sliceBombFuse.caf */ = {isa = PBXFileReference; lastKnownFileType = file; path = sliceBombFuse.caf; sourceTree = "<group>"; };
		B8F8E4AB2907E23A0034F5E8 /* sliceBomb@2x.png */ = {isa = PBXFileReference; lastKnownFileType = image.png; path = "sliceBomb@2x.png"; sourceTree = "<group>"; };
		B8F8E4AC2907E23A0034F5E8 /* whack.caf */ = {isa = PBXFileReference; lastKnownFileType = file; path = whack.caf; sourceTree = "<group>"; };
		B8F8E4AD2907E23A0034F5E8 /* sliceFuse.sks */ = {isa = PBXFileReference; lastKnownFileType = file.sks; path = sliceFuse.sks; sourceTree = "<group>"; };
		B8F8E4AE2907E23B0034F5E8 /* sliceHitBomb.sks */ = {isa = PBXFileReference; lastKnownFileType = file.sks; path = sliceHitBomb.sks; sourceTree = "<group>"; };
		B8F8E4AF2907E23B0034F5E8 /* swoosh2.caf */ = {isa = PBXFileReference; lastKnownFileType = file; path = swoosh2.caf; sourceTree = "<group>"; };
		B8F8E4B02907E23B0034F5E8 /* sliceLife@2x.png */ = {isa = PBXFileReference; lastKnownFileType = image.png; path = "sliceLife@2x.png"; sourceTree = "<group>"; };
		B8F8E4B12907E23B0034F5E8 /* swoosh3.caf */ = {isa = PBXFileReference; lastKnownFileType = file; path = swoosh3.caf; sourceTree = "<group>"; };
		B8F8E4B22907E23B0034F5E8 /* penguin@2x.png */ = {isa = PBXFileReference; lastKnownFileType = image.png; path = "penguin@2x.png"; sourceTree = "<group>"; };
		B8F8E4B32907E23B0034F5E8 /* sliceBackground@2x.png */ = {isa = PBXFileReference; lastKnownFileType = image.png; path = "sliceBackground@2x.png"; sourceTree = "<group>"; };
		B8F8E4B42907E23B0034F5E8 /* sliceHitEnemy.sks */ = {isa = PBXFileReference; lastKnownFileType = file.sks; path = sliceHitEnemy.sks; sourceTree = "<group>"; };
		B8F8E4B52907E23C0034F5E8 /* sliceBomb.png */ = {isa = PBXFileReference; lastKnownFileType = image.png; path = sliceBomb.png; sourceTree = "<group>"; };
/* End PBXFileReference section */

/* Begin PBXFrameworksBuildPhase section */
		B8F8E46B290687170034F5E8 /* Frameworks */ = {
			isa = PBXFrameworksBuildPhase;
			buildActionMask = 2147483647;
			files = (
			);
			runOnlyForDeploymentPostprocessing = 0;
		};
/* End PBXFrameworksBuildPhase section */

/* Begin PBXGroup section */
		B8F8E465290687160034F5E8 = {
			isa = PBXGroup;
			children = (
				B8F8E470290687180034F5E8 /* Project23 */,
				B8F8E46F290687170034F5E8 /* Products */,
			);
			sourceTree = "<group>";
		};
		B8F8E46F290687170034F5E8 /* Products */ = {
			isa = PBXGroup;
			children = (
				B8F8E46E290687170034F5E8 /* Project23.app */,
			);
			name = Products;
			sourceTree = "<group>";
		};
		B8F8E470290687180034F5E8 /* Project23 */ = {
			isa = PBXGroup;
			children = (
				B8F8E471290687180034F5E8 /* AppDelegate.swift */,
				B8F8E473290687180034F5E8 /* GameScene.sks */,
				B8F8E477290687180034F5E8 /* GameScene.swift */,
				B8F8E479290687180034F5E8 /* GameViewController.swift */,
				B8F8E47B290687180034F5E8 /* Main.storyboard */,
				B8F8E47E2906871B0034F5E8 /* Assets.xcassets */,
				B8F8E4802906871B0034F5E8 /* LaunchScreen.storyboard */,
				B8F8E4A22907E2370034F5E8 /* explosion.caf */,
				B8F8E4A82907E23A0034F5E8 /* launch.caf */,
				B8F8E4A32907E2370034F5E8 /* penguin.png */,
				B8F8E4B22907E23B0034F5E8 /* penguin@2x.png */,
				B8F8E4A72907E2390034F5E8 /* sliceBackground.png */,
				B8F8E4B32907E23B0034F5E8 /* sliceBackground@2x.png */,
				B8F8E4B52907E23C0034F5E8 /* sliceBomb.png */,
				B8F8E4AB2907E23A0034F5E8 /* sliceBomb@2x.png */,
				B8F8E4AA2907E23A0034F5E8 /* sliceBombFuse.caf */,
				B8F8E4AD2907E23A0034F5E8 /* sliceFuse.sks */,
				B8F8E4AE2907E23B0034F5E8 /* sliceHitBomb.sks */,
				B8F8E4B42907E23B0034F5E8 /* sliceHitEnemy.sks */,
				B8F8E4A52907E2390034F5E8 /* sliceLife.png */,
				B8F8E4B02907E23B0034F5E8 /* sliceLife@2x.png */,
				B8F8E4A42907E2380034F5E8 /* sliceLifeGone.png */,
				B8F8E4A92907E23A0034F5E8 /* sliceLifeGone@2x.png */,
				B8F8E4A02907E2370034F5E8 /* spark.png */,
				B8F8E4A12907E2370034F5E8 /* swoosh1.caf */,
				B8F8E4AF2907E23B0034F5E8 /* swoosh2.caf */,
				B8F8E4B12907E23B0034F5E8 /* swoosh3.caf */,
				B8F8E4AC2907E23A0034F5E8 /* whack.caf */,
				B8F8E4A62907E2390034F5E8 /* wrong.caf */,
			);
			path = Project23;
			sourceTree = "<group>";
		};
/* End PBXGroup section */

/* Begin PBXNativeTarget section */
		B8F8E46D290687170034F5E8 /* Project23 */ = {
			isa = PBXNativeTarget;
			buildConfigurationList = B8F8E4852906871B0034F5E8 /* Build configuration list for PBXNativeTarget "Project23" */;
			buildPhases = (
				B8F8E46A290687170034F5E8 /* Sources */,
				B8F8E46B290687170034F5E8 /* Frameworks */,
				B8F8E46C290687170034F5E8 /* Resources */,
			);
			buildRules = (
			);
			dependencies = (
			);
			name = Project23;
			productName = Project23;
			productReference = B8F8E46E290687170034F5E8 /* Project23.app */;
			productType = "com.apple.product-type.application";
		};
/* End PBXNativeTarget section */

/* Begin PBXProject section */
		B8F8E466290687160034F5E8 /* Project object */ = {
			isa = PBXProject;
			attributes = {
				BuildIndependentTargetsInParallel = 1;
				LastSwiftUpdateCheck = 1400;
				LastUpgradeCheck = 1400;
				TargetAttributes = {
					B8F8E46D290687170034F5E8 = {
						CreatedOnToolsVersion = 14.0.1;
					};
				};
			};
			buildConfigurationList = B8F8E469290687160034F5E8 /* Build configuration list for PBXProject "Project23" */;
			compatibilityVersion = "Xcode 14.0";
			developmentRegion = en;
			hasScannedForEncodings = 0;
			knownRegions = (
				en,
				Base,
			);
			mainGroup = B8F8E465290687160034F5E8;
			productRefGroup = B8F8E46F290687170034F5E8 /* Products */;
			projectDirPath = "";
			projectRoot = "";
			targets = (
				B8F8E46D290687170034F5E8 /* Project23 */,
			);
		};
/* End PBXProject section */

/* Begin PBXResourcesBuildPhase section */
		B8F8E46C290687170034F5E8 /* Resources */ = {
			isa = PBXResourcesBuildPhase;
			buildActionMask = 2147483647;
			files = (
				B8F8E4C52907E23C0034F5E8 /* swoosh2.caf in Resources */,
				B8F8E4C02907E23C0034F5E8 /* sliceBombFuse.caf in Resources */,
				B8F8E4BB2907E23C0034F5E8 /* sliceLife.png in Resources */,
				B8F8E4BE2907E23C0034F5E8 /* launch.caf in Resources */,
				B8F8E4BF2907E23C0034F5E8 /* sliceLifeGone@2x.png in Resources */,
				B8F8E4B62907E23C0034F5E8 /* spark.png in Resources */,
				B8F8E4CB2907E23C0034F5E8 /* sliceBomb.png in Resources */,
				B8F8E4B82907E23C0034F5E8 /* explosion.caf in Resources */,
				B8F8E4CA2907E23C0034F5E8 /* sliceHitEnemy.sks in Resources */,
				B8F8E47D290687180034F5E8 /* Main.storyboard in Resources */,
				B8F8E474290687180034F5E8 /* GameScene.sks in Resources */,
				B8F8E4B92907E23C0034F5E8 /* penguin.png in Resources */,
				B8F8E4BD2907E23C0034F5E8 /* sliceBackground.png in Resources */,
				B8F8E4C72907E23C0034F5E8 /* swoosh3.caf in Resources */,
				B8F8E4C42907E23C0034F5E8 /* sliceHitBomb.sks in Resources */,
				B8F8E47F2906871B0034F5E8 /* Assets.xcassets in Resources */,
				B8F8E4C62907E23C0034F5E8 /* sliceLife@2x.png in Resources */,
				B8F8E4822906871B0034F5E8 /* LaunchScreen.storyboard in Resources */,
				B8F8E4C22907E23C0034F5E8 /* whack.caf in Resources */,
				B8F8E4B72907E23C0034F5E8 /* swoosh1.caf in Resources */,
				B8F8E4C12907E23C0034F5E8 /* sliceBomb@2x.png in Resources */,
				B8F8E4C92907E23C0034F5E8 /* sliceBackground@2x.png in Resources */,
				B8F8E4BC2907E23C0034F5E8 /* wrong.caf in Resources */,
				B8F8E4BA2907E23C0034F5E8 /* sliceLifeGone.png in Resources */,
				B8F8E4C32907E23C0034F5E8 /* sliceFuse.sks in Resources */,
				B8F8E4C82907E23C0034F5E8 /* penguin@2x.png in Resources */,
			);
			runOnlyForDeploymentPostprocessing = 0;
		};
/* End PBXResourcesBuildPhase section */

/* Begin PBXSourcesBuildPhase section */
		B8F8E46A290687170034F5E8 /* Sources */ = {
			isa = PBXSourcesBuildPhase;
			buildActionMask = 2147483647;
			files = (
				B8F8E478290687180034F5E8 /* GameScene.swift in Sources */,
				B8F8E47A290687180034F5E8 /* GameViewController.swift in Sources */,
				B8F8E472290687180034F5E8 /* AppDelegate.swift in Sources */,
			);
			runOnlyForDeploymentPostprocessing = 0;
		};
/* End PBXSourcesBuildPhase section */

/* Begin PBXVariantGroup section */
		B8F8E47B290687180034F5E8 /* Main.storyboard */ = {
			isa = PBXVariantGroup;
			children = (
				B8F8E47C290687180034F5E8 /* Base */,
			);
			name = Main.storyboard;
			sourceTree = "<group>";
		};
		B8F8E4802906871B0034F5E8 /* LaunchScreen.storyboard */ = {
			isa = PBXVariantGroup;
			children = (
				B8F8E4812906871B0034F5E8 /* Base */,
			);
			name = LaunchScreen.storyboard;
			sourceTree = "<group>";
		};
/* End PBXVariantGroup section */

/* Begin XCBuildConfiguration section */
		B8F8E4832906871B0034F5E8 /* Debug */ = {
			isa = XCBuildConfiguration;
			buildSettings = {
				ALWAYS_SEARCH_USER_PATHS = NO;
				CLANG_ANALYZER_NONNULL = YES;
				CLANG_ANALYZER_NUMBER_OBJECT_CONVERSION = YES_AGGRESSIVE;
				CLANG_CXX_LANGUAGE_STANDARD = "gnu++20";
				CLANG_ENABLE_MODULES = YES;
				CLANG_ENABLE_OBJC_ARC = YES;
				CLANG_ENABLE_OBJC_WEAK = YES;
				CLANG_WARN_BLOCK_CAPTURE_AUTORELEASING = YES;
				CLANG_WARN_BOOL_CONVERSION = YES;
				CLANG_WARN_COMMA = YES;
				CLANG_WARN_CONSTANT_CONVERSION = YES;
				CLANG_WARN_DEPRECATED_OBJC_IMPLEMENTATIONS = YES;
				CLANG_WARN_DIRECT_OBJC_ISA_USAGE = YES_ERROR;
				CLANG_WARN_DOCUMENTATION_COMMENTS = YES;
				CLANG_WARN_EMPTY_BODY = YES;
				CLANG_WARN_ENUM_CONVERSION = YES;
				CLANG_WARN_INFINITE_RECURSION = YES;
				CLANG_WARN_INT_CONVERSION = YES;
				CLANG_WARN_NON_LITERAL_NULL_CONVERSION = YES;
				CLANG_WARN_OBJC_IMPLICIT_RETAIN_SELF = YES;
				CLANG_WARN_OBJC_LITERAL_CONVERSION = YES;
				CLANG_WARN_OBJC_ROOT_CLASS = YES_ERROR;
				CLANG_WARN_QUOTED_INCLUDE_IN_FRAMEWORK_HEADER = YES;
				CLANG_WARN_RANGE_LOOP_ANALYSIS = YES;
				CLANG_WARN_STRICT_PROTOTYPES = YES;
				CLANG_WARN_SUSPICIOUS_MOVE = YES;
				CLANG_WARN_UNGUARDED_AVAILABILITY = YES_AGGRESSIVE;
				CLANG_WARN_UNREACHABLE_CODE = YES;
				CLANG_WARN__DUPLICATE_METHOD_MATCH = YES;
				COPY_PHASE_STRIP = NO;
				DEBUG_INFORMATION_FORMAT = dwarf;
				ENABLE_STRICT_OBJC_MSGSEND = YES;
				ENABLE_TESTABILITY = YES;
				GCC_C_LANGUAGE_STANDARD = gnu11;
				GCC_DYNAMIC_NO_PIC = NO;
				GCC_NO_COMMON_BLOCKS = YES;
				GCC_OPTIMIZATION_LEVEL = 0;
				GCC_PREPROCESSOR_DEFINITIONS = (
					"DEBUG=1",
					"$(inherited)",
				);
				GCC_WARN_64_TO_32_BIT_CONVERSION = YES;
				GCC_WARN_ABOUT_RETURN_TYPE = YES_ERROR;
				GCC_WARN_UNDECLARED_SELECTOR = YES;
				GCC_WARN_UNINITIALIZED_AUTOS = YES_AGGRESSIVE;
				GCC_WARN_UNUSED_FUNCTION = YES;
				GCC_WARN_UNUSED_VARIABLE = YES;
				IPHONEOS_DEPLOYMENT_TARGET = 16.0;
				MTL_ENABLE_DEBUG_INFO = INCLUDE_SOURCE;
				MTL_FAST_MATH = YES;
				ONLY_ACTIVE_ARCH = YES;
				SDKROOT = iphoneos;
				SWIFT_ACTIVE_COMPILATION_CONDITIONS = DEBUG;
				SWIFT_OPTIMIZATION_LEVEL = "-Onone";
			};
			name = Debug;
		};
		B8F8E4842906871B0034F5E8 /* Release */ = {
			isa = XCBuildConfiguration;
			buildSettings = {
				ALWAYS_SEARCH_USER_PATHS = NO;
				CLANG_ANALYZER_NONNULL = YES;
				CLANG_ANALYZER_NUMBER_OBJECT_CONVERSION = YES_AGGRESSIVE;
				CLANG_CXX_LANGUAGE_STANDARD = "gnu++20";
				CLANG_ENABLE_MODULES = YES;
				CLANG_ENABLE_OBJC_ARC = YES;
				CLANG_ENABLE_OBJC_WEAK = YES;
				CLANG_WARN_BLOCK_CAPTURE_AUTORELEASING = YES;
				CLANG_WARN_BOOL_CONVERSION = YES;
				CLANG_WARN_COMMA = YES;
				CLANG_WARN_CONSTANT_CONVERSION = YES;
				CLANG_WARN_DEPRECATED_OBJC_IMPLEMENTATIONS = YES;
				CLANG_WARN_DIRECT_OBJC_ISA_USAGE = YES_ERROR;
				CLANG_WARN_DOCUMENTATION_COMMENTS = YES;
				CLANG_WARN_EMPTY_BODY = YES;
				CLANG_WARN_ENUM_CONVERSION = YES;
				CLANG_WARN_INFINITE_RECURSION = YES;
				CLANG_WARN_INT_CONVERSION = YES;
				CLANG_WARN_NON_LITERAL_NULL_CONVERSION = YES;
				CLANG_WARN_OBJC_IMPLICIT_RETAIN_SELF = YES;
				CLANG_WARN_OBJC_LITERAL_CONVERSION = YES;
				CLANG_WARN_OBJC_ROOT_CLASS = YES_ERROR;
				CLANG_WARN_QUOTED_INCLUDE_IN_FRAMEWORK_HEADER = YES;
				CLANG_WARN_RANGE_LOOP_ANALYSIS = YES;
				CLANG_WARN_STRICT_PROTOTYPES = YES;
				CLANG_WARN_SUSPICIOUS_MOVE = YES;
				CLANG_WARN_UNGUARDED_AVAILABILITY = YES_AGGRESSIVE;
				CLANG_WARN_UNREACHABLE_CODE = YES;
				CLANG_WARN__DUPLICATE_METHOD_MATCH = YES;
				COPY_PHASE_STRIP = NO;
				DEBUG_INFORMATION_FORMAT = "dwarf-with-dsym";
				ENABLE_NS_ASSERTIONS = NO;
				ENABLE_STRICT_OBJC_MSGSEND = YES;
				GCC_C_LANGUAGE_STANDARD = gnu11;
				GCC_NO_COMMON_BLOCKS = YES;
				GCC_WARN_64_TO_32_BIT_CONVERSION = YES;
				GCC_WARN_ABOUT_RETURN_TYPE = YES_ERROR;
				GCC_WARN_UNDECLARED_SELECTOR = YES;
				GCC_WARN_UNINITIALIZED_AUTOS = YES_AGGRESSIVE;
				GCC_WARN_UNUSED_FUNCTION = YES;
				GCC_WARN_UNUSED_VARIABLE = YES;
				IPHONEOS_DEPLOYMENT_TARGET = 16.0;
				MTL_ENABLE_DEBUG_INFO = NO;
				MTL_FAST_MATH = YES;
				SDKROOT = iphoneos;
				SWIFT_COMPILATION_MODE = wholemodule;
				SWIFT_OPTIMIZATION_LEVEL = "-O";
				VALIDATE_PRODUCT = YES;
			};
			name = Release;
		};
		B8F8E4862906871B0034F5E8 /* Debug */ = {
			isa = XCBuildConfiguration;
			buildSettings = {
				ASSETCATALOG_COMPILER_APPICON_NAME = AppIcon;
				ASSETCATALOG_COMPILER_GLOBAL_ACCENT_COLOR_NAME = AccentColor;
				CODE_SIGN_STYLE = Automatic;
				CURRENT_PROJECT_VERSION = 1;
				DEVELOPMENT_TEAM = 8X7MLERU8X;
				GENERATE_INFOPLIST_FILE = YES;
				INFOPLIST_KEY_UIApplicationSupportsIndirectInputEvents = YES;
				INFOPLIST_KEY_UILaunchStoryboardName = LaunchScreen;
				INFOPLIST_KEY_UIMainStoryboardFile = Main;
				INFOPLIST_KEY_UIStatusBarHidden = YES;
				INFOPLIST_KEY_UISupportedInterfaceOrientations_iPad = "UIInterfaceOrientationLandscapeLeft UIInterfaceOrientationLandscapeRight";
				IPHONEOS_DEPLOYMENT_TARGET = 15.6;
				LD_RUNPATH_SEARCH_PATHS = (
					"$(inherited)",
					"@executable_path/Frameworks",
				);
				MARKETING_VERSION = 1.0;
				PRODUCT_BUNDLE_IDENTIFIER = EPJr.Project23;
				PRODUCT_NAME = "$(TARGET_NAME)";
				SWIFT_EMIT_LOC_STRINGS = YES;
				SWIFT_VERSION = 5.0;
				TARGETED_DEVICE_FAMILY = "1,2";
			};
			name = Debug;
		};
		B8F8E4872906871B0034F5E8 /* Release */ = {
			isa = XCBuildConfiguration;
			buildSettings = {
				ASSETCATALOG_COMPILER_APPICON_NAME = AppIcon;
				ASSETCATALOG_COMPILER_GLOBAL_ACCENT_COLOR_NAME = AccentColor;
				CODE_SIGN_STYLE = Automatic;
				CURRENT_PROJECT_VERSION = 1;
				DEVELOPMENT_TEAM = 8X7MLERU8X;
				GENERATE_INFOPLIST_FILE = YES;
				INFOPLIST_KEY_UIApplicationSupportsIndirectInputEvents = YES;
				INFOPLIST_KEY_UILaunchStoryboardName = LaunchScreen;
				INFOPLIST_KEY_UIMainStoryboardFile = Main;
				INFOPLIST_KEY_UIStatusBarHidden = YES;
				INFOPLIST_KEY_UISupportedInterfaceOrientations_iPad = "UIInterfaceOrientationLandscapeLeft UIInterfaceOrientationLandscapeRight";
				IPHONEOS_DEPLOYMENT_TARGET = 15.6;
				LD_RUNPATH_SEARCH_PATHS = (
					"$(inherited)",
					"@executable_path/Frameworks",
				);
				MARKETING_VERSION = 1.0;
				PRODUCT_BUNDLE_IDENTIFIER = EPJr.Project23;
				PRODUCT_NAME = "$(TARGET_NAME)";
				SWIFT_EMIT_LOC_STRINGS = YES;
				SWIFT_VERSION = 5.0;
				TARGETED_DEVICE_FAMILY = "1,2";
			};
			name = Release;
		};
/* End XCBuildConfiguration section */

/* Begin XCConfigurationList section */
		B8F8E469290687160034F5E8 /* Build configuration list for PBXProject "Project23" */ = {
			isa = XCConfigurationList;
			buildConfigurations = (
				B8F8E4832906871B0034F5E8 /* Debug */,
				B8F8E4842906871B0034F5E8 /* Release */,
			);
			defaultConfigurationIsVisible = 0;
			defaultConfigurationName = Release;
		};
		B8F8E4852906871B0034F5E8 /* Build configuration list for PBXNativeTarget "Project23" */ = {
			isa = XCConfigurationList;
			buildConfigurations = (
				B8F8E4862906871B0034F5E8 /* Debug */,
				B8F8E4872906871B0034F5E8 /* Release */,
			);
			defaultConfigurationIsVisible = 0;
			defaultConfigurationName = Release;
		};
/* End XCConfigurationList section */
	};
	rootObject = B8F8E466290687160034F5E8 /* Project object */;
}
